
Microsoft Visual Studio Solution File, Format Version 12.00
# Visual Studio 2013
VisualStudioVersion = 12.0.31101.0
MinimumVisualStudioVersion = 10.0.40219.1
Project("{FAE04EC0-301F-11D3-BF4B-00C04F79EFBC}") = "Engine2D", "Engine2D\Engine2D.csproj", "{9C054393-6E62-4113-95E6-2040B0AC015D}"
EndProject
Project("{FAE04EC0-301F-11D3-BF4B-00C04F79EFBC}") = "TestGame", "TestGame\TestGame\TestGame.csproj", "{CC80DA8D-D609-4209-9022-E243167CFCFB}"
EndProject
Project("{96E2B04D-8817-42C6-938A-82C39BA4D311}") = "TestGameContent", "TestGame\TestGameContent\TestGameContent.contentproj", "{369F3A3E-C439-4D49-AFA5-1477007DBD4C}"
EndProject
Global
	GlobalSection(SolutionConfigurationPlatforms) = preSolution
		Debug|x86 = Debug|x86
		Release|x86 = Release|x86
	EndGlobalSection
	GlobalSection(ProjectConfigurationPlatforms) = postSolution
		{9C054393-6E62-4113-95E6-2040B0AC015D}.Debug|x86.ActiveCfg = Debug|x86
		{9C054393-6E62-4113-95E6-2040B0AC015D}.Debug|x86.Build.0 = Debug|x86
		{9C054393-6E62-4113-95E6-2040B0AC015D}.Release|x86.ActiveCfg = Release|x86
		{9C054393-6E62-4113-95E6-2040B0AC015D}.Release|x86.Build.0 = Release|x86
		{CC80DA8D-D609-4209-9022-E243167CFCFB}.Debug|x86.ActiveCfg = Debug|x86
		{CC80DA8D-D609-4209-9022-E243167CFCFB}.Debug|x86.Build.0 = Debug|x86
		{CC80DA8D-D609-4209-9022-E243167CFCFB}.Release|x86.ActiveCfg = Release|x86
		{CC80DA8D-D609-4209-9022-E243167CFCFB}.Release|x86.Build.0 = Release|x86
		{369F3A3E-C439-4D49-AFA5-1477007DBD4C}.Debug|x86.ActiveCfg = Debug|x86
		{369F3A3E-C439-4D49-AFA5-1477007DBD4C}.Release|x86.ActiveCfg = Release|x86
	EndGlobalSection
	GlobalSection(SolutionProperties) = preSolution
		HideSolutionNode = FALSE
	EndGlobalSection
EndGlobal
